// !$*UTF8*$!
{
	archiveVersion = 1;
	classes = {
	};
	objectVersion = 46;
	objects = {

/* Begin PBXBuildFile section */
		213E0D7A1F044461004DC4EE /* RegisterViewController.swift in Sources */ = {isa = PBXBuildFile; fileRef = 213E0D791F044461004DC4EE /* RegisterViewController.swift */; };
		216CA4211EF880100051600D /* RNCryptor.swift in Sources */ = {isa = PBXBuildFile; fileRef = 216CA4201EF880100051600D /* RNCryptor.swift */; };
		219985F71F1D62DB00A3D93C /* NoteClass.swift in Sources */ = {isa = PBXBuildFile; fileRef = 219985F61F1D62DB00A3D93C /* NoteClass.swift */; };
		2797F2881F1FD2D6003544E1 /* Obfuscator.swift in Sources */ = {isa = PBXBuildFile; fileRef = 2797F2871F1FD2D6003544E1 /* Obfuscator.swift */; };
		3426FD831E081C93005CEAF5 /* AppDelegate.swift in Sources */ = {isa = PBXBuildFile; fileRef = 3426FD821E081C93005CEAF5 /* AppDelegate.swift */; };
		3426FD851E081C93005CEAF5 /* NoteTakerViewController.swift in Sources */ = {isa = PBXBuildFile; fileRef = 3426FD841E081C93005CEAF5 /* NoteTakerViewController.swift */; };
		3426FD881E081C93005CEAF5 /* Main.storyboard in Resources */ = {isa = PBXBuildFile; fileRef = 3426FD861E081C93005CEAF5 /* Main.storyboard */; };
		3426FD8D1E081C93005CEAF5 /* Assets.xcassets in Resources */ = {isa = PBXBuildFile; fileRef = 3426FD8C1E081C93005CEAF5 /* Assets.xcassets */; };
		3426FD901E081C93005CEAF5 /* LaunchScreen.storyboard in Resources */ = {isa = PBXBuildFile; fileRef = 3426FD8E1E081C93005CEAF5 /* LaunchScreen.storyboard */; };
		3426FD9B1E081C93005CEAF5 /* NoteTakerTests.swift in Sources */ = {isa = PBXBuildFile; fileRef = 3426FD9A1E081C93005CEAF5 /* NoteTakerTests.swift */; };
		3426FDA61E081C93005CEAF5 /* NoteTakerUITests.swift in Sources */ = {isa = PBXBuildFile; fileRef = 3426FDA51E081C93005CEAF5 /* NoteTakerUITests.swift */; };
		3430FFB21E32C4D100FF94C1 /* average in Resources */ = {isa = PBXBuildFile; fileRef = 3430FFA41E32C4D000FF94C1 /* average */; };
		3430FFB31E32C4D100FF94C1 /* checkicon.png in Resources */ = {isa = PBXBuildFile; fileRef = 3430FFA51E32C4D100FF94C1 /* checkicon.png */; };
		3430FFB41E32C4D100FF94C1 /* clickedbtn.png in Resources */ = {isa = PBXBuildFile; fileRef = 3430FFA61E32C4D100FF94C1 /* clickedbtn.png */; };
		3430FFB51E32C4D100FF94C1 /* headerbg.png in Resources */ = {isa = PBXBuildFile; fileRef = 3430FFA71E32C4D100FF94C1 /* headerbg.png */; };
		3430FFB61E32C4D100FF94C1 /* micblackicon.png in Resources */ = {isa = PBXBuildFile; fileRef = 3430FFA81E32C4D100FF94C1 /* micblackicon.png */; };
		3430FFB71E32C4D100FF94C1 /* micpinkbg.png in Resources */ = {isa = PBXBuildFile; fileRef = 3430FFA91E32C4D100FF94C1 /* micpinkbg.png */; };
		3430FFB81E32C4D100FF94C1 /* micpinkbtn.png in Resources */ = {isa = PBXBuildFile; fileRef = 3430FFAA1E32C4D100FF94C1 /* micpinkbtn.png */; };
		3430FFB91E32C4D100FF94C1 /* micwhitebg.png in Resources */ = {isa = PBXBuildFile; fileRef = 3430FFAB1E32C4D100FF94C1 /* micwhitebg.png */; };
		3430FFBA1E32C4D100FF94C1 /* micwhiteicn.png in Resources */ = {isa = PBXBuildFile; fileRef = 3430FFAC1E32C4D100FF94C1 /* micwhiteicn.png */; };
		3430FFBB1E32C4D100FF94C1 /* mtnbg.png in Resources */ = {isa = PBXBuildFile; fileRef = 3430FFAD1E32C4D100FF94C1 /* mtnbg.png */; };
		3430FFBC1E32C4D100FF94C1 /* peak in Resources */ = {isa = PBXBuildFile; fileRef = 3430FFAE1E32C4D100FF94C1 /* peak */; };
		3430FFBD1E32C4D100FF94C1 /* plusbg.png in Resources */ = {isa = PBXBuildFile; fileRef = 3430FFAF1E32C4D100FF94C1 /* plusbg.png */; };
		3430FFBE1E32C4D100FF94C1 /* plusbtn.png in Resources */ = {isa = PBXBuildFile; fileRef = 3430FFB01E32C4D100FF94C1 /* plusbtn.png */; };
		3430FFBF1E32C4D100FF94C1 /* plusicn.png in Resources */ = {isa = PBXBuildFile; fileRef = 3430FFB11E32C4D100FF94C1 /* plusicn.png */; };
		3449D00F1E33E10700387F4E /* micbtnwhite.png in Resources */ = {isa = PBXBuildFile; fileRef = 3449D00E1E33E10700387F4E /* micbtnwhite.png */; };
		345F08C01E0881FD003496FF /* grey_wash_wall_@2X.png in Resources */ = {isa = PBXBuildFile; fileRef = 345F08BC1E0881FD003496FF /* grey_wash_wall_@2X.png */; };
		345F08C11E0881FD003496FF /* microphone.png in Resources */ = {isa = PBXBuildFile; fileRef = 345F08BD1E0881FD003496FF /* microphone.png */; };
		345F08C21E0881FD003496FF /* microphoneDepressed.png in Resources */ = {isa = PBXBuildFile; fileRef = 345F08BE1E0881FD003496FF /* microphoneDepressed.png */; };
		345F08C31E0881FD003496FF /* shattered_@2X.png in Resources */ = {isa = PBXBuildFile; fileRef = 345F08BF1E0881FD003496FF /* shattered_@2X.png */; };
		34848EBC1E33C19000C37690 /* checkmark.png in Resources */ = {isa = PBXBuildFile; fileRef = 34848EBB1E33C19000C37690 /* checkmark.png */; };
		34978EB41E08810E006D7659 /* beep1.mp3 in Resources */ = {isa = PBXBuildFile; fileRef = 34978EB31E08810E006D7659 /* beep1.mp3 */; };
		34A0B2531E2155CE004822CE /* NewNoteViewController.swift in Sources */ = {isa = PBXBuildFile; fileRef = 34A0B2521E2155CE004822CE /* NewNoteViewController.swift */; };
		34A0B2601E217523004822CE /* Note+CoreDataClass.swift in Sources */ = {isa = PBXBuildFile; fileRef = 34A0B25E1E217523004822CE /* Note+CoreDataClass.swift */; };
		34D37C5A1E33E280000925F5 /* Cancel.png in Resources */ = {isa = PBXBuildFile; fileRef = 34D37C581E33E280000925F5 /* Cancel.png */; };
		34D37C5B1E33E280000925F5 /* Cancel@0.5x.png in Resources */ = {isa = PBXBuildFile; fileRef = 34D37C591E33E280000925F5 /* Cancel@0.5x.png */; };
/* End PBXBuildFile section */

/* Begin PBXContainerItemProxy section */
		3426FD971E081C93005CEAF5 /* PBXContainerItemProxy */ = {
			isa = PBXContainerItemProxy;
			containerPortal = 3426FD771E081C93005CEAF5 /* Project object */;
			proxyType = 1;
			remoteGlobalIDString = 3426FD7E1E081C93005CEAF5;
			remoteInfo = NoteTaker;
		};
		3426FDA21E081C93005CEAF5 /* PBXContainerItemProxy */ = {
			isa = PBXContainerItemProxy;
			containerPortal = 3426FD771E081C93005CEAF5 /* Project object */;
			proxyType = 1;
			remoteGlobalIDString = 3426FD7E1E081C93005CEAF5;
			remoteInfo = NoteTaker;
		};
/* End PBXContainerItemProxy section */

/* Begin PBXFileReference section */
		213E0D791F044461004DC4EE /* RegisterViewController.swift */ = {isa = PBXFileReference; fileEncoding = 4; lastKnownFileType = sourcecode.swift; path = RegisterViewController.swift; sourceTree = "<group>"; };
		216CA4201EF880100051600D /* RNCryptor.swift */ = {isa = PBXFileReference; fileEncoding = 4; lastKnownFileType = sourcecode.swift; path = RNCryptor.swift; sourceTree = "<group>"; };
		216CA4221EF880380051600D /* RNCryptor.h */ = {isa = PBXFileReference; lastKnownFileType = sourcecode.c.h; path = RNCryptor.h; sourceTree = "<group>"; };
		216CA4231EF880410051600D /* Bridge.h */ = {isa = PBXFileReference; lastKnownFileType = sourcecode.c.h; path = Bridge.h; sourceTree = "<group>"; };
		219985F61F1D62DB00A3D93C /* NoteClass.swift */ = {isa = PBXFileReference; fileEncoding = 4; lastKnownFileType = sourcecode.swift; path = NoteClass.swift; sourceTree = "<group>"; };
		2797F2871F1FD2D6003544E1 /* Obfuscator.swift */ = {isa = PBXFileReference; fileEncoding = 4; lastKnownFileType = sourcecode.swift; name = Obfuscator.swift; path = ../Obfuscator.swift; sourceTree = "<group>"; };
		3426FD7F1E081C93005CEAF5 /* NoteTaker.app */ = {isa = PBXFileReference; explicitFileType = wrapper.application; includeInIndex = 0; path = NoteTaker.app; sourceTree = BUILT_PRODUCTS_DIR; };
		3426FD821E081C93005CEAF5 /* AppDelegate.swift */ = {isa = PBXFileReference; lastKnownFileType = sourcecode.swift; path = AppDelegate.swift; sourceTree = "<group>"; };
		3426FD841E081C93005CEAF5 /* NoteTakerViewController.swift */ = {isa = PBXFileReference; lastKnownFileType = sourcecode.swift; path = NoteTakerViewController.swift; sourceTree = "<group>"; };
		3426FD871E081C93005CEAF5 /* Base */ = {isa = PBXFileReference; lastKnownFileType = file.storyboard; name = Base; path = Base.lproj/Main.storyboard; sourceTree = "<group>"; };
		3426FD8C1E081C93005CEAF5 /* Assets.xcassets */ = {isa = PBXFileReference; lastKnownFileType = folder.assetcatalog; path = Assets.xcassets; sourceTree = "<group>"; };
		3426FD8F1E081C93005CEAF5 /* Base */ = {isa = PBXFileReference; lastKnownFileType = file.storyboard; name = Base; path = Base.lproj/LaunchScreen.storyboard; sourceTree = "<group>"; };
		3426FD911E081C93005CEAF5 /* Info.plist */ = {isa = PBXFileReference; lastKnownFileType = text.plist.xml; path = Info.plist; sourceTree = "<group>"; };
		3426FD961E081C93005CEAF5 /* NoteTakerTests.xctest */ = {isa = PBXFileReference; explicitFileType = wrapper.cfbundle; includeInIndex = 0; path = NoteTakerTests.xctest; sourceTree = BUILT_PRODUCTS_DIR; };
		3426FD9A1E081C93005CEAF5 /* NoteTakerTests.swift */ = {isa = PBXFileReference; lastKnownFileType = sourcecode.swift; path = NoteTakerTests.swift; sourceTree = "<group>"; };
		3426FD9C1E081C93005CEAF5 /* Info.plist */ = {isa = PBXFileReference; lastKnownFileType = text.plist.xml; path = Info.plist; sourceTree = "<group>"; };
		3426FDA11E081C93005CEAF5 /* NoteTakerUITests.xctest */ = {isa = PBXFileReference; explicitFileType = wrapper.cfbundle; includeInIndex = 0; path = NoteTakerUITests.xctest; sourceTree = BUILT_PRODUCTS_DIR; };
		3426FDA51E081C93005CEAF5 /* NoteTakerUITests.swift */ = {isa = PBXFileReference; lastKnownFileType = sourcecode.swift; path = NoteTakerUITests.swift; sourceTree = "<group>"; };
		3426FDA71E081C93005CEAF5 /* Info.plist */ = {isa = PBXFileReference; lastKnownFileType = text.plist.xml; path = Info.plist; sourceTree = "<group>"; };
		3430FFA41E32C4D000FF94C1 /* average */ = {isa = PBXFileReference; lastKnownFileType = folder; path = average; sourceTree = "<group>"; };
		3430FFA51E32C4D100FF94C1 /* checkicon.png */ = {isa = PBXFileReference; lastKnownFileType = image.png; path = checkicon.png; sourceTree = "<group>"; };
		3430FFA61E32C4D100FF94C1 /* clickedbtn.png */ = {isa = PBXFileReference; lastKnownFileType = image.png; path = clickedbtn.png; sourceTree = "<group>"; };
		3430FFA71E32C4D100FF94C1 /* headerbg.png */ = {isa = PBXFileReference; lastKnownFileType = image.png; path = headerbg.png; sourceTree = "<group>"; };
		3430FFA81E32C4D100FF94C1 /* micblackicon.png */ = {isa = PBXFileReference; lastKnownFileType = image.png; path = micblackicon.png; sourceTree = "<group>"; };
		3430FFA91E32C4D100FF94C1 /* micpinkbg.png */ = {isa = PBXFileReference; lastKnownFileType = image.png; path = micpinkbg.png; sourceTree = "<group>"; };
		3430FFAA1E32C4D100FF94C1 /* micpinkbtn.png */ = {isa = PBXFileReference; lastKnownFileType = image.png; path = micpinkbtn.png; sourceTree = "<group>"; };
		3430FFAB1E32C4D100FF94C1 /* micwhitebg.png */ = {isa = PBXFileReference; lastKnownFileType = image.png; path = micwhitebg.png; sourceTree = "<group>"; };
		3430FFAC1E32C4D100FF94C1 /* micwhiteicn.png */ = {isa = PBXFileReference; lastKnownFileType = image.png; path = micwhiteicn.png; sourceTree = "<group>"; };
		3430FFAD1E32C4D100FF94C1 /* mtnbg.png */ = {isa = PBXFileReference; lastKnownFileType = image.png; path = mtnbg.png; sourceTree = "<group>"; };
		3430FFAE1E32C4D100FF94C1 /* peak */ = {isa = PBXFileReference; lastKnownFileType = folder; path = peak; sourceTree = "<group>"; };
		3430FFAF1E32C4D100FF94C1 /* plusbg.png */ = {isa = PBXFileReference; lastKnownFileType = image.png; path = plusbg.png; sourceTree = "<group>"; };
		3430FFB01E32C4D100FF94C1 /* plusbtn.png */ = {isa = PBXFileReference; lastKnownFileType = image.png; path = plusbtn.png; sourceTree = "<group>"; };
		3430FFB11E32C4D100FF94C1 /* plusicn.png */ = {isa = PBXFileReference; lastKnownFileType = image.png; path = plusicn.png; sourceTree = "<group>"; };
		3449D00E1E33E10700387F4E /* micbtnwhite.png */ = {isa = PBXFileReference; lastKnownFileType = image.png; path = micbtnwhite.png; sourceTree = "<group>"; };
		345F08BC1E0881FD003496FF /* grey_wash_wall_@2X.png */ = {isa = PBXFileReference; lastKnownFileType = image.png; path = "grey_wash_wall_@2X.png"; sourceTree = "<group>"; };
		345F08BD1E0881FD003496FF /* microphone.png */ = {isa = PBXFileReference; lastKnownFileType = image.png; path = microphone.png; sourceTree = "<group>"; };
		345F08BE1E0881FD003496FF /* microphoneDepressed.png */ = {isa = PBXFileReference; lastKnownFileType = image.png; path = microphoneDepressed.png; sourceTree = "<group>"; };
		345F08BF1E0881FD003496FF /* shattered_@2X.png */ = {isa = PBXFileReference; lastKnownFileType = image.png; path = "shattered_@2X.png"; sourceTree = "<group>"; };
		34848EBB1E33C19000C37690 /* checkmark.png */ = {isa = PBXFileReference; lastKnownFileType = image.png; path = checkmark.png; sourceTree = "<group>"; };
		34978EB31E08810E006D7659 /* beep1.mp3 */ = {isa = PBXFileReference; lastKnownFileType = audio.mp3; path = beep1.mp3; sourceTree = "<group>"; };
		34A0B2521E2155CE004822CE /* NewNoteViewController.swift */ = {isa = PBXFileReference; fileEncoding = 4; lastKnownFileType = sourcecode.swift; path = NewNoteViewController.swift; sourceTree = "<group>"; };
		34A0B25E1E217523004822CE /* Note+CoreDataClass.swift */ = {isa = PBXFileReference; fileEncoding = 4; lastKnownFileType = sourcecode.swift; path = "Note+CoreDataClass.swift"; sourceTree = "<group>"; };
		34D37C581E33E280000925F5 /* Cancel.png */ = {isa = PBXFileReference; lastKnownFileType = image.png; path = Cancel.png; sourceTree = "<group>"; };
		34D37C591E33E280000925F5 /* Cancel@0.5x.png */ = {isa = PBXFileReference; lastKnownFileType = image.png; path = "Cancel@0.5x.png"; sourceTree = "<group>"; };
/* End PBXFileReference section */

/* Begin PBXFrameworksBuildPhase section */
		3426FD7C1E081C93005CEAF5 /* Frameworks */ = {
			isa = PBXFrameworksBuildPhase;
			buildActionMask = 2147483647;
			files = (
			);
			runOnlyForDeploymentPostprocessing = 0;
		};
		3426FD931E081C93005CEAF5 /* Frameworks */ = {
			isa = PBXFrameworksBuildPhase;
			buildActionMask = 2147483647;
			files = (
			);
			runOnlyForDeploymentPostprocessing = 0;
		};
		3426FD9E1E081C93005CEAF5 /* Frameworks */ = {
			isa = PBXFrameworksBuildPhase;
			buildActionMask = 2147483647;
			files = (
			);
			runOnlyForDeploymentPostprocessing = 0;
		};
/* End PBXFrameworksBuildPhase section */

/* Begin PBXGroup section */
		3426FD761E081C93005CEAF5 = {
			isa = PBXGroup;
			children = (
				34A0B25E1E217523004822CE /* Note+CoreDataClass.swift */,
				3426FD811E081C93005CEAF5 /* NoteTaker */,
				3426FD991E081C93005CEAF5 /* NoteTakerTests */,
				3426FDA41E081C93005CEAF5 /* NoteTakerUITests */,
				3426FD801E081C93005CEAF5 /* Products */,
			);
			sourceTree = "<group>";
		};
		3426FD801E081C93005CEAF5 /* Products */ = {
			isa = PBXGroup;
			children = (
				3426FD7F1E081C93005CEAF5 /* NoteTaker.app */,
				3426FD961E081C93005CEAF5 /* NoteTakerTests.xctest */,
				3426FDA11E081C93005CEAF5 /* NoteTakerUITests.xctest */,
			);
			name = Products;
			sourceTree = "<group>";
		};
		3426FD811E081C93005CEAF5 /* NoteTaker */ = {
			isa = PBXGroup;
			children = (
				34978EB51E0881A5006D7659 /* Assets */,
				3426FD821E081C93005CEAF5 /* AppDelegate.swift */,
				3426FD841E081C93005CEAF5 /* NoteTakerViewController.swift */,
				3426FD861E081C93005CEAF5 /* Main.storyboard */,
				213E0D791F044461004DC4EE /* RegisterViewController.swift */,
				34A0B2521E2155CE004822CE /* NewNoteViewController.swift */,
				216CA4221EF880380051600D /* RNCryptor.h */,
				216CA4201EF880100051600D /* RNCryptor.swift */,
				3426FD8E1E081C93005CEAF5 /* LaunchScreen.storyboard */,
				216CA4231EF880410051600D /* Bridge.h */,
				3426FD8C1E081C93005CEAF5 /* Assets.xcassets */,
				3426FD911E081C93005CEAF5 /* Info.plist */,
				2797F2871F1FD2D6003544E1 /* Obfuscator.swift */,
				219985F61F1D62DB00A3D93C /* NoteClass.swift */,
			);
			path = NoteTaker;
			sourceTree = "<group>";
		};
		3426FD991E081C93005CEAF5 /* NoteTakerTests */ = {
			isa = PBXGroup;
			children = (
				3426FD9A1E081C93005CEAF5 /* NoteTakerTests.swift */,
				3426FD9C1E081C93005CEAF5 /* Info.plist */,
			);
			path = NoteTakerTests;
			sourceTree = "<group>";
		};
		3426FDA41E081C93005CEAF5 /* NoteTakerUITests */ = {
			isa = PBXGroup;
			children = (
				3426FDA51E081C93005CEAF5 /* NoteTakerUITests.swift */,
				3426FDA71E081C93005CEAF5 /* Info.plist */,
			);
			path = NoteTakerUITests;
			sourceTree = "<group>";
		};
		34978EB51E0881A5006D7659 /* Assets */ = {
			isa = PBXGroup;
			children = (
				3430FFA41E32C4D000FF94C1 /* average */,
				3430FFA51E32C4D100FF94C1 /* checkicon.png */,
				34D37C581E33E280000925F5 /* Cancel.png */,
				34D37C591E33E280000925F5 /* Cancel@0.5x.png */,
				34848EBB1E33C19000C37690 /* checkmark.png */,
				3430FFA61E32C4D100FF94C1 /* clickedbtn.png */,
				3430FFA71E32C4D100FF94C1 /* headerbg.png */,
				3430FFA81E32C4D100FF94C1 /* micblackicon.png */,
				3430FFA91E32C4D100FF94C1 /* micpinkbg.png */,
				3430FFAA1E32C4D100FF94C1 /* micpinkbtn.png */,
				3430FFAB1E32C4D100FF94C1 /* micwhitebg.png */,
				3430FFAC1E32C4D100FF94C1 /* micwhiteicn.png */,
				3430FFAD1E32C4D100FF94C1 /* mtnbg.png */,
				3430FFAE1E32C4D100FF94C1 /* peak */,
				3430FFAF1E32C4D100FF94C1 /* plusbg.png */,
				3430FFB01E32C4D100FF94C1 /* plusbtn.png */,
				3449D00E1E33E10700387F4E /* micbtnwhite.png */,
				3430FFB11E32C4D100FF94C1 /* plusicn.png */,
				345F08BC1E0881FD003496FF /* grey_wash_wall_@2X.png */,
				345F08BD1E0881FD003496FF /* microphone.png */,
				345F08BE1E0881FD003496FF /* microphoneDepressed.png */,
				345F08BF1E0881FD003496FF /* shattered_@2X.png */,
				34978EB31E08810E006D7659 /* beep1.mp3 */,
			);
			name = Assets;
			sourceTree = "<group>";
		};
/* End PBXGroup section */

/* Begin PBXNativeTarget section */
		3426FD7E1E081C93005CEAF5 /* NoteTaker */ = {
			isa = PBXNativeTarget;
			buildConfigurationList = 3426FDAA1E081C93005CEAF5 /* Build configuration list for PBXNativeTarget "NoteTaker" */;
			buildPhases = (
				3426FD7B1E081C93005CEAF5 /* Sources */,
				3426FD7C1E081C93005CEAF5 /* Frameworks */,
				3426FD7D1E081C93005CEAF5 /* Resources */,
			);
			buildRules = (
			);
			dependencies = (
			);
			name = NoteTaker;
			productName = NoteTaker;
			productReference = 3426FD7F1E081C93005CEAF5 /* NoteTaker.app */;
			productType = "com.apple.product-type.application";
		};
		3426FD951E081C93005CEAF5 /* NoteTakerTests */ = {
			isa = PBXNativeTarget;
			buildConfigurationList = 3426FDAD1E081C93005CEAF5 /* Build configuration list for PBXNativeTarget "NoteTakerTests" */;
			buildPhases = (
				3426FD921E081C93005CEAF5 /* Sources */,
				3426FD931E081C93005CEAF5 /* Frameworks */,
				3426FD941E081C93005CEAF5 /* Resources */,
			);
			buildRules = (
			);
			dependencies = (
				3426FD981E081C93005CEAF5 /* PBXTargetDependency */,
			);
			name = NoteTakerTests;
			productName = NoteTakerTests;
			productReference = 3426FD961E081C93005CEAF5 /* NoteTakerTests.xctest */;
			productType = "com.apple.product-type.bundle.unit-test";
		};
		3426FDA01E081C93005CEAF5 /* NoteTakerUITests */ = {
			isa = PBXNativeTarget;
			buildConfigurationList = 3426FDB01E081C93005CEAF5 /* Build configuration list for PBXNativeTarget "NoteTakerUITests" */;
			buildPhases = (
				3426FD9D1E081C93005CEAF5 /* Sources */,
				3426FD9E1E081C93005CEAF5 /* Frameworks */,
				3426FD9F1E081C93005CEAF5 /* Resources */,
			);
			buildRules = (
			);
			dependencies = (
				3426FDA31E081C93005CEAF5 /* PBXTargetDependency */,
			);
			name = NoteTakerUITests;
			productName = NoteTakerUITests;
			productReference = 3426FDA11E081C93005CEAF5 /* NoteTakerUITests.xctest */;
			productType = "com.apple.product-type.bundle.ui-testing";
		};
/* End PBXNativeTarget section */

/* Begin PBXProject section */
		3426FD771E081C93005CEAF5 /* Project object */ = {
			isa = PBXProject;
			attributes = {
				LastSwiftUpdateCheck = 0810;
				LastUpgradeCheck = 0810;
				ORGANIZATIONNAME = "Shane Doyle";
				TargetAttributes = {
					3426FD7E1E081C93005CEAF5 = {
						CreatedOnToolsVersion = 8.1;
						DevelopmentTeam = U7GHKH5D2P;
						ProvisioningStyle = Automatic;
					};
					3426FD951E081C93005CEAF5 = {
						CreatedOnToolsVersion = 8.1;
						ProvisioningStyle = Automatic;
						TestTargetID = 3426FD7E1E081C93005CEAF5;
					};
					3426FDA01E081C93005CEAF5 = {
						CreatedOnToolsVersion = 8.1;
						ProvisioningStyle = Automatic;
						TestTargetID = 3426FD7E1E081C93005CEAF5;
					};
				};
			};
			buildConfigurationList = 3426FD7A1E081C93005CEAF5 /* Build configuration list for PBXProject "NoteTaker" */;
			compatibilityVersion = "Xcode 3.2";
			developmentRegion = English;
			hasScannedForEncodings = 0;
			knownRegions = (
				en,
				Base,
			);
			mainGroup = 3426FD761E081C93005CEAF5;
			productRefGroup = 3426FD801E081C93005CEAF5 /* Products */;
			projectDirPath = "";
			projectRoot = "";
			targets = (
				3426FD7E1E081C93005CEAF5 /* NoteTaker */,
				3426FD951E081C93005CEAF5 /* NoteTakerTests */,
				3426FDA01E081C93005CEAF5 /* NoteTakerUITests */,
			);
		};
/* End PBXProject section */

/* Begin PBXResourcesBuildPhase section */
		3426FD7D1E081C93005CEAF5 /* Resources */ = {
			isa = PBXResourcesBuildPhase;
			buildActionMask = 2147483647;
			files = (
				3430FFBC1E32C4D100FF94C1 /* peak in Resources */,
				34978EB41E08810E006D7659 /* beep1.mp3 in Resources */,
				34D37C5A1E33E280000925F5 /* Cancel.png in Resources */,
				345F08C31E0881FD003496FF /* shattered_@2X.png in Resources */,
				3430FFBB1E32C4D100FF94C1 /* mtnbg.png in Resources */,
				3430FFBE1E32C4D100FF94C1 /* plusbtn.png in Resources */,
				3430FFBA1E32C4D100FF94C1 /* micwhiteicn.png in Resources */,
				3426FD901E081C93005CEAF5 /* LaunchScreen.storyboard in Resources */,
				3430FFB41E32C4D100FF94C1 /* clickedbtn.png in Resources */,
				3430FFB91E32C4D100FF94C1 /* micwhitebg.png in Resources */,
				3430FFB21E32C4D100FF94C1 /* average in Resources */,
				3426FD8D1E081C93005CEAF5 /* Assets.xcassets in Resources */,
				3430FFBD1E32C4D100FF94C1 /* plusbg.png in Resources */,
				345F08C11E0881FD003496FF /* microphone.png in Resources */,
				34848EBC1E33C19000C37690 /* checkmark.png in Resources */,
				3426FD881E081C93005CEAF5 /* Main.storyboard in Resources */,
				3430FFBF1E32C4D100FF94C1 /* plusicn.png in Resources */,
				3449D00F1E33E10700387F4E /* micbtnwhite.png in Resources */,
				3430FFB31E32C4D100FF94C1 /* checkicon.png in Resources */,
				3430FFB51E32C4D100FF94C1 /* headerbg.png in Resources */,
				3430FFB71E32C4D100FF94C1 /* micpinkbg.png in Resources */,
				3430FFB61E32C4D100FF94C1 /* micblackicon.png in Resources */,
				3430FFB81E32C4D100FF94C1 /* micpinkbtn.png in Resources */,
				345F08C21E0881FD003496FF /* microphoneDepressed.png in Resources */,
				345F08C01E0881FD003496FF /* grey_wash_wall_@2X.png in Resources */,
				34D37C5B1E33E280000925F5 /* Cancel@0.5x.png in Resources */,
			);
			runOnlyForDeploymentPostprocessing = 0;
		};
		3426FD941E081C93005CEAF5 /* Resources */ = {
			isa = PBXResourcesBuildPhase;
			buildActionMask = 2147483647;
			files = (
			);
			runOnlyForDeploymentPostprocessing = 0;
		};
		3426FD9F1E081C93005CEAF5 /* Resources */ = {
			isa = PBXResourcesBuildPhase;
			buildActionMask = 2147483647;
			files = (
			);
			runOnlyForDeploymentPostprocessing = 0;
		};
/* End PBXResourcesBuildPhase section */

/* Begin PBXSourcesBuildPhase section */
		3426FD7B1E081C93005CEAF5 /* Sources */ = {
			isa = PBXSourcesBuildPhase;
			buildActionMask = 2147483647;
			files = (
				34A0B2531E2155CE004822CE /* NewNoteViewController.swift in Sources */,
				34A0B2601E217523004822CE /* Note+CoreDataClass.swift in Sources */,
				3426FD851E081C93005CEAF5 /* NoteTakerViewController.swift in Sources */,
				2797F2881F1FD2D6003544E1 /* Obfuscator.swift in Sources */,
				213E0D7A1F044461004DC4EE /* RegisterViewController.swift in Sources */,
				3426FD831E081C93005CEAF5 /* AppDelegate.swift in Sources */,
				216CA4211EF880100051600D /* RNCryptor.swift in Sources */,
				219985F71F1D62DB00A3D93C /* NoteClass.swift in Sources */,
			);
			runOnlyForDeploymentPostprocessing = 0;
		};
		3426FD921E081C93005CEAF5 /* Sources */ = {
			isa = PBXSourcesBuildPhase;
			buildActionMask = 2147483647;
			files = (
				3426FD9B1E081C93005CEAF5 /* NoteTakerTests.swift in Sources */,
			);
			runOnlyForDeploymentPostprocessing = 0;
		};
		3426FD9D1E081C93005CEAF5 /* Sources */ = {
			isa = PBXSourcesBuildPhase;
			buildActionMask = 2147483647;
			files = (
				3426FDA61E081C93005CEAF5 /* NoteTakerUITests.swift in Sources */,
			);
			runOnlyForDeploymentPostprocessing = 0;
		};
/* End PBXSourcesBuildPhase section */

/* Begin PBXTargetDependency section */
		3426FD981E081C93005CEAF5 /* PBXTargetDependency */ = {
			isa = PBXTargetDependency;
			target = 3426FD7E1E081C93005CEAF5 /* NoteTaker */;
			targetProxy = 3426FD971E081C93005CEAF5 /* PBXContainerItemProxy */;
		};
		3426FDA31E081C93005CEAF5 /* PBXTargetDependency */ = {
			isa = PBXTargetDependency;
			target = 3426FD7E1E081C93005CEAF5 /* NoteTaker */;
			targetProxy = 3426FDA21E081C93005CEAF5 /* PBXContainerItemProxy */;
		};
/* End PBXTargetDependency section */

/* Begin PBXVariantGroup section */
		3426FD861E081C93005CEAF5 /* Main.storyboard */ = {
			isa = PBXVariantGroup;
			children = (
				3426FD871E081C93005CEAF5 /* Base */,
			);
			name = Main.storyboard;
			sourceTree = "<group>";
		};
		3426FD8E1E081C93005CEAF5 /* LaunchScreen.storyboard */ = {
			isa = PBXVariantGroup;
			children = (
				3426FD8F1E081C93005CEAF5 /* Base */,
			);
			name = LaunchScreen.storyboard;
			sourceTree = "<group>";
		};
/* End PBXVariantGroup section */

/* Begin XCBuildConfiguration section */
		3426FDA81E081C93005CEAF5 /* Debug */ = {
			isa = XCBuildConfiguration;
			buildSettings = {
				ALWAYS_SEARCH_USER_PATHS = NO;
				CLANG_ANALYZER_NONNULL = YES;
				CLANG_CXX_LANGUAGE_STANDARD = "gnu++0x";
				CLANG_CXX_LIBRARY = "libc++";
				CLANG_ENABLE_MODULES = YES;
				CLANG_ENABLE_OBJC_ARC = YES;
				CLANG_WARN_BOOL_CONVERSION = YES;
				CLANG_WARN_CONSTANT_CONVERSION = YES;
				CLANG_WARN_DIRECT_OBJC_ISA_USAGE = YES_ERROR;
				CLANG_WARN_DOCUMENTATION_COMMENTS = YES;
				CLANG_WARN_EMPTY_BODY = YES;
				CLANG_WARN_ENUM_CONVERSION = YES;
				CLANG_WARN_INFINITE_RECURSION = YES;
				CLANG_WARN_INT_CONVERSION = YES;
				CLANG_WARN_OBJC_ROOT_CLASS = YES_ERROR;
				CLANG_WARN_SUSPICIOUS_MOVES = YES;
				CLANG_WARN_UNREACHABLE_CODE = YES;
				CLANG_WARN__DUPLICATE_METHOD_MATCH = YES;
				"CODE_SIGN_IDENTITY[sdk=iphoneos*]" = "iPhone Developer";
				COPY_PHASE_STRIP = NO;
				DEBUG_INFORMATION_FORMAT = dwarf;
				ENABLE_STRICT_OBJC_MSGSEND = YES;
				ENABLE_TESTABILITY = YES;
				GCC_C_LANGUAGE_STANDARD = gnu99;
				GCC_DYNAMIC_NO_PIC = NO;
				GCC_NO_COMMON_BLOCKS = YES;
				GCC_OPTIMIZATION_LEVEL = 0;
				GCC_PREPROCESSOR_DEFINITIONS = (
					"DEBUG=1",
					"$(inherited)",
				);
				GCC_WARN_64_TO_32_BIT_CONVERSION = YES;
				GCC_WARN_ABOUT_RETURN_TYPE = YES_ERROR;
				GCC_WARN_UNDECLARED_SELECTOR = YES;
				GCC_WARN_UNINITIALIZED_AUTOS = YES_AGGRESSIVE;
				GCC_WARN_UNUSED_FUNCTION = YES;
				GCC_WARN_UNUSED_VARIABLE = YES;
				IPHONEOS_DEPLOYMENT_TARGET = 10.1;
				MTL_ENABLE_DEBUG_INFO = YES;
				ONLY_ACTIVE_ARCH = YES;
				SDKROOT = iphoneos;
				SWIFT_ACTIVE_COMPILATION_CONDITIONS = DEBUG;
				SWIFT_OPTIMIZATION_LEVEL = "-Onone";
			};
			name = Debug;
		};
		3426FDA91E081C93005CEAF5 /* Release */ = {
			isa = XCBuildConfiguration;
			buildSettings = {
				ALWAYS_SEARCH_USER_PATHS = NO;
				CLANG_ANALYZER_NONNULL = YES;
				CLANG_CXX_LANGUAGE_STANDARD = "gnu++0x";
				CLANG_CXX_LIBRARY = "libc++";
				CLANG_ENABLE_MODULES = YES;
				CLANG_ENABLE_OBJC_ARC = YES;
				CLANG_WARN_BOOL_CONVERSION = YES;
				CLANG_WARN_CONSTANT_CONVERSION = YES;
				CLANG_WARN_DIRECT_OBJC_ISA_USAGE = YES_ERROR;
				CLANG_WARN_DOCUMENTATION_COMMENTS = YES;
				CLANG_WARN_EMPTY_BODY = YES;
				CLANG_WARN_ENUM_CONVERSION = YES;
				CLANG_WARN_INFINITE_RECURSION = YES;
				CLANG_WARN_INT_CONVERSION = YES;
				CLANG_WARN_OBJC_ROOT_CLASS = YES_ERROR;
				CLANG_WARN_SUSPICIOUS_MOVES = YES;
				CLANG_WARN_UNREACHABLE_CODE = YES;
				CLANG_WARN__DUPLICATE_METHOD_MATCH = YES;
				"CODE_SIGN_IDENTITY[sdk=iphoneos*]" = "iPhone Developer";
				COPY_PHASE_STRIP = NO;
				DEBUG_INFORMATION_FORMAT = "dwarf-with-dsym";
				ENABLE_NS_ASSERTIONS = NO;
				ENABLE_STRICT_OBJC_MSGSEND = YES;
				GCC_C_LANGUAGE_STANDARD = gnu99;
				GCC_NO_COMMON_BLOCKS = YES;
				GCC_WARN_64_TO_32_BIT_CONVERSION = YES;
				GCC_WARN_ABOUT_RETURN_TYPE = YES_ERROR;
				GCC_WARN_UNDECLARED_SELECTOR = YES;
				GCC_WARN_UNINITIALIZED_AUTOS = YES_AGGRESSIVE;
				GCC_WARN_UNUSED_FUNCTION = YES;
				GCC_WARN_UNUSED_VARIABLE = YES;
				IPHONEOS_DEPLOYMENT_TARGET = 10.1;
				MTL_ENABLE_DEBUG_INFO = NO;
				SDKROOT = iphoneos;
				SWIFT_OPTIMIZATION_LEVEL = "-Owholemodule";
				VALIDATE_PRODUCT = YES;
			};
			name = Release;
		};
		3426FDAB1E081C93005CEAF5 /* Debug */ = {
			isa = XCBuildConfiguration;
			buildSettings = {
				ASSETCATALOG_COMPILER_APPICON_NAME = AppIcon;
				DEVELOPMENT_TEAM = U7GHKH5D2P;
				INFOPLIST_FILE = NoteTaker/Info.plist;
				IPHONEOS_DEPLOYMENT_TARGET = 8.0;
				LD_RUNPATH_SEARCH_PATHS = "$(inherited) @executable_path/Frameworks";
				PRODUCT_BUNDLE_IDENTIFIER = ie.elwexicano.NoteTaker;
				PRODUCT_NAME = "$(TARGET_NAME)";
				SWIFT_OBJC_BRIDGING_HEADER = /Users/pali/Downloads/codeObfuscation/NoteTaker/Bridge.h;
				SWIFT_VERSION = 3.0;
			};
			name = Debug;
		};
		3426FDAC1E081C93005CEAF5 /* Release */ = {
			isa = XCBuildConfiguration;
			buildSettings = {
				ASSETCATALOG_COMPILER_APPICON_NAME = AppIcon;
				DEVELOPMENT_TEAM = U7GHKH5D2P;
				INFOPLIST_FILE = NoteTaker/Info.plist;
				IPHONEOS_DEPLOYMENT_TARGET = 8.0;
				LD_RUNPATH_SEARCH_PATHS = "$(inherited) @executable_path/Frameworks";
				PRODUCT_BUNDLE_IDENTIFIER = ie.elwexicano.NoteTaker;
				PRODUCT_NAME = "$(TARGET_NAME)";
				SWIFT_OBJC_BRIDGING_HEADER = /Users/pali/Downloads/codeObfuscation/NoteTaker/Bridge.h;
				SWIFT_VERSION = 3.0;
			};
			name = Release;
		};
		3426FDAE1E081C93005CEAF5 /* Debug */ = {
			isa = XCBuildConfiguration;
			buildSettings = {
				ALWAYS_EMBED_SWIFT_STANDARD_LIBRARIES = YES;
				BUNDLE_LOADER = "$(TEST_HOST)";
				INFOPLIST_FILE = NoteTakerTests/Info.plist;
				LD_RUNPATH_SEARCH_PATHS = "$(inherited) @executable_path/Frameworks @loader_path/Frameworks";
				PRODUCT_BUNDLE_IDENTIFIER = ie.elwexicano.NoteTakerTests;
				PRODUCT_NAME = "$(TARGET_NAME)";
				SWIFT_VERSION = 3.0;
				TEST_HOST = "$(BUILT_PRODUCTS_DIR)/NoteTaker.app/NoteTaker";
			};
			name = Debug;
		};
		3426FDAF1E081C93005CEAF5 /* Release */ = {
			isa = XCBuildConfiguration;
			buildSettings = {
				ALWAYS_EMBED_SWIFT_STANDARD_LIBRARIES = YES;
				BUNDLE_LOADER = "$(TEST_HOST)";
				INFOPLIST_FILE = NoteTakerTests/Info.plist;
				LD_RUNPATH_SEARCH_PATHS = "$(inherited) @executable_path/Frameworks @loader_path/Frameworks";
				PRODUCT_BUNDLE_IDENTIFIER = ie.elwexicano.NoteTakerTests;
				PRODUCT_NAME = "$(TARGET_NAME)";
				SWIFT_VERSION = 3.0;
				TEST_HOST = "$(BUILT_PRODUCTS_DIR)/NoteTaker.app/NoteTaker";
			};
			name = Release;
		};
		3426FDB11E081C93005CEAF5 /* Debug */ = {
			isa = XCBuildConfiguration;
			buildSettings = {
				ALWAYS_EMBED_SWIFT_STANDARD_LIBRARIES = YES;
				INFOPLIST_FILE = NoteTakerUITests/Info.plist;
				LD_RUNPATH_SEARCH_PATHS = "$(inherited) @executable_path/Frameworks @loader_path/Frameworks";
				PRODUCT_BUNDLE_IDENTIFIER = ie.elwexicano.NoteTakerUITests;
				PRODUCT_NAME = "$(TARGET_NAME)";
				SWIFT_VERSION = 3.0;
				TEST_TARGET_NAME = NoteTaker;
			};
			name = Debug;
		};
		3426FDB21E081C93005CEAF5 /* Release */ = {
			isa = XCBuildConfiguration;
			buildSettings = {
				ALWAYS_EMBED_SWIFT_STANDARD_LIBRARIES = YES;
				INFOPLIST_FILE = NoteTakerUITests/Info.plist;
				LD_RUNPATH_SEARCH_PATHS = "$(inherited) @executable_path/Frameworks @loader_path/Frameworks";
				PRODUCT_BUNDLE_IDENTIFIER = ie.elwexicano.NoteTakerUITests;
				PRODUCT_NAME = "$(TARGET_NAME)";
				SWIFT_VERSION = 3.0;
				TEST_TARGET_NAME = NoteTaker;
			};
			name = Release;
		};
/* End XCBuildConfiguration section */

/* Begin XCConfigurationList section */
		3426FD7A1E081C93005CEAF5 /* Build configuration list for PBXProject "NoteTaker" */ = {
			isa = XCConfigurationList;
			buildConfigurations = (
				3426FDA81E081C93005CEAF5 /* Debug */,
				3426FDA91E081C93005CEAF5 /* Release */,
			);
			defaultConfigurationIsVisible = 0;
			defaultConfigurationName = Release;
		};
		3426FDAA1E081C93005CEAF5 /* Build configuration list for PBXNativeTarget "NoteTaker" */ = {
			isa = XCConfigurationList;
			buildConfigurations = (
				3426FDAB1E081C93005CEAF5 /* Debug */,
				3426FDAC1E081C93005CEAF5 /* Release */,
			);
			defaultConfigurationIsVisible = 0;
			defaultConfigurationName = Release;
		};
		3426FDAD1E081C93005CEAF5 /* Build configuration list for PBXNativeTarget "NoteTakerTests" */ = {
			isa = XCConfigurationList;
			buildConfigurations = (
				3426FDAE1E081C93005CEAF5 /* Debug */,
				3426FDAF1E081C93005CEAF5 /* Release */,
			);
			defaultConfigurationIsVisible = 0;
			defaultConfigurationName = Release;
		};
		3426FDB01E081C93005CEAF5 /* Build configuration list for PBXNativeTarget "NoteTakerUITests" */ = {
			isa = XCConfigurationList;
			buildConfigurations = (
				3426FDB11E081C93005CEAF5 /* Debug */,
				3426FDB21E081C93005CEAF5 /* Release */,
			);
			defaultConfigurationIsVisible = 0;
			defaultConfigurationName = Release;
		};
/* End XCConfigurationList section */
	};
	rootObject = 3426FD771E081C93005CEAF5 /* Project object */;
}
